
Microsoft Visual Studio Solution File, Format Version 12.00
# Visual Studio Version 17
VisualStudioVersion = 17.0.31912.275
MinimumVisualStudioVersion = 10.0.40219.1
Project("{FAE04EC0-301F-11D3-BF4B-00C04F79EFBC}") = "MobileAppOne.Android", "MobileAppOne\MobileAppOne.Android\MobileAppOne.Android.csproj", "{3A9A38BC-03FD-4D88-A425-41879F7C850F}"
EndProject
Project("{9A19103F-16F7-4668-BE54-9A1E7A4F7556}") = "MobileAppOne", "MobileAppOne\MobileAppOne\MobileAppOne.csproj", "{6917FE37-A80A-4292-A0EA-27BC4CC7474F}"
EndProject
Global
	GlobalSection(SolutionConfigurationPlatforms) = preSolution
		Debug|Any CPU = Debug|Any CPU
		Release|Any CPU = Release|Any CPU
	EndGlobalSection
	GlobalSection(ProjectConfigurationPlatforms) = postSolution
		{3A9A38BC-03FD-4D88-A425-41879F7C850F}.Debug|Any CPU.ActiveCfg = Debug|Any CPU
		{3A9A38BC-03FD-4D88-A425-41879F7C850F}.Debug|Any CPU.Build.0 = Debug|Any CPU
		{3A9A38BC-03FD-4D88-A425-41879F7C850F}.Debug|Any CPU.Deploy.0 = Debug|Any CPU
		{3A9A38BC-03FD-4D88-A425-41879F7C850F}.Release|Any CPU.ActiveCfg = Release|Any CPU
		{3A9A38BC-03FD-4D88-A425-41879F7C850F}.Release|Any CPU.Build.0 = Release|Any CPU
		{3A9A38BC-03FD-4D88-A425-41879F7C850F}.Release|Any CPU.Deploy.0 = Release|Any CPU
		{6917FE37-A80A-4292-A0EA-27BC4CC7474F}.Debug|Any CPU.ActiveCfg = Debug|Any CPU
		{6917FE37-A80A-4292-A0EA-27BC4CC7474F}.Debug|Any CPU.Build.0 = Debug|Any CPU
		{6917FE37-A80A-4292-A0EA-27BC4CC7474F}.Debug|Any CPU.Deploy.0 = Debug|Any CPU
		{6917FE37-A80A-4292-A0EA-27BC4CC7474F}.Release|Any CPU.ActiveCfg = Release|Any CPU
		{6917FE37-A80A-4292-A0EA-27BC4CC7474F}.Release|Any CPU.Build.0 = Release|Any CPU
		{6917FE37-A80A-4292-A0EA-27BC4CC7474F}.Release|Any CPU.Deploy.0 = Release|Any CPU
	EndGlobalSection
	GlobalSection(SolutionProperties) = preSolution
		HideSolutionNode = FALSE
	EndGlobalSection
	GlobalSection(ExtensibilityGlobals) = postSolution
		SolutionGuid = {5E50F5AD-2BD7-44C5-8C2B-31A3A844C36D}
	EndGlobalSection
EndGlobal
